
Microsoft Visual Studio Solution File, Format Version 12.00
Project("{FAE04EC0-301F-11D3-BF4B-00C04F79EFBC}") = "Drive.Api", "Drive.Api\Drive.Api.csproj", "{339DE8C5-8777-4C85-A701-8D4CDDA0ECBC}"
EndProject
Project("{FAE04EC0-301F-11D3-BF4B-00C04F79EFBC}") = "Drive.Core", "Drive.Core\Drive.Core.csproj", "{AC251295-02F8-4299-A1AE-B20667D00708}"
EndProject
Project("{FAE04EC0-301F-11D3-BF4B-00C04F79EFBC}") = "Drive.Application", "Drive.Application\Drive.Application.csproj", "{7BEE8669-9DB7-4308-B8A5-EA0099A4C0CB}"
EndProject
Project("{FAE04EC0-301F-11D3-BF4B-00C04F79EFBC}") = "Drive.Infrastructure", "Drive.Infrastructure\Drive.Infrastructure.csproj", "{5B6CAD50-83EF-46D7-A101-5A781AE7427E}"
EndProject
Global
	GlobalSection(SolutionConfigurationPlatforms) = preSolution
		Debug|Any CPU = Debug|Any CPU
		Release|Any CPU = Release|Any CPU
	EndGlobalSection
	GlobalSection(ProjectConfigurationPlatforms) = postSolution
		{339DE8C5-8777-4C85-A701-8D4CDDA0ECBC}.Debug|Any CPU.ActiveCfg = Debug|Any CPU
		{339DE8C5-8777-4C85-A701-8D4CDDA0ECBC}.Debug|Any CPU.Build.0 = Debug|Any CPU
		{339DE8C5-8777-4C85-A701-8D4CDDA0ECBC}.Release|Any CPU.ActiveCfg = Release|Any CPU
		{339DE8C5-8777-4C85-A701-8D4CDDA0ECBC}.Release|Any CPU.Build.0 = Release|Any CPU
		{AC251295-02F8-4299-A1AE-B20667D00708}.Debug|Any CPU.ActiveCfg = Debug|Any CPU
		{AC251295-02F8-4299-A1AE-B20667D00708}.Debug|Any CPU.Build.0 = Debug|Any CPU
		{AC251295-02F8-4299-A1AE-B20667D00708}.Release|Any CPU.ActiveCfg = Release|Any CPU
		{AC251295-02F8-4299-A1AE-B20667D00708}.Release|Any CPU.Build.0 = Release|Any CPU
		{7BEE8669-9DB7-4308-B8A5-EA0099A4C0CB}.Debug|Any CPU.ActiveCfg = Debug|Any CPU
		{7BEE8669-9DB7-4308-B8A5-EA0099A4C0CB}.Debug|Any CPU.Build.0 = Debug|Any CPU
		{7BEE8669-9DB7-4308-B8A5-EA0099A4C0CB}.Release|Any CPU.ActiveCfg = Release|Any CPU
		{7BEE8669-9DB7-4308-B8A5-EA0099A4C0CB}.Release|Any CPU.Build.0 = Release|Any CPU
		{5B6CAD50-83EF-46D7-A101-5A781AE7427E}.Debug|Any CPU.ActiveCfg = Debug|Any CPU
		{5B6CAD50-83EF-46D7-A101-5A781AE7427E}.Debug|Any CPU.Build.0 = Debug|Any CPU
		{5B6CAD50-83EF-46D7-A101-5A781AE7427E}.Release|Any CPU.ActiveCfg = Release|Any CPU
		{5B6CAD50-83EF-46D7-A101-5A781AE7427E}.Release|Any CPU.Build.0 = Release|Any CPU
	EndGlobalSection
EndGlobal
